
Microsoft Visual Studio Solution File, Format Version 12.00
# Visual Studio Version 16
VisualStudioVersion = 16.0.31729.503
MinimumVisualStudioVersion = 10.0.40219.1
Project("{9A19103F-16F7-4668-BE54-9A1E7A4F7556}") = "CRUD_Personas_BBDD_Azure_ASP.NET(MVC)", "CRUD_Personas_BBDD_Azure_ASP.NET(MVC)\CRUD_Personas_BBDD_Azure_ASP.NET(MVC).csproj", "{2EE1A6A8-94F1-4205-9B55-017DCBECC5C0}"
EndProject
Project("{9A19103F-16F7-4668-BE54-9A1E7A4F7556}") = "CRUD_Personas_Entities", "Entities\CRUD_Personas_Entities.csproj", "{FD90E00C-3FE4-4EEE-815C-82D6721CAE7C}"
EndProject
Project("{9A19103F-16F7-4668-BE54-9A1E7A4F7556}") = "CRUD_Personas_DAL", "DAL\CRUD_Personas_DAL.csproj", "{9CB9111B-45DF-4690-97DD-D0AED8F14F7C}"
EndProject
Project("{9A19103F-16F7-4668-BE54-9A1E7A4F7556}") = "CRUD_Personas_BL", "BussinesLogic\CRUD_Personas_BL.csproj", "{647235E0-0BA9-4945-9776-A42B68E4CF6B}"
EndProject
Project("{FAE04EC0-301F-11D3-BF4B-00C04F79EFBC}") = "CRUD_Personas_BBDD_Azure_UWP", "CRUD_Personas_BBDD_Azure_UWP\CRUD_Personas_BBDD_Azure_UWP.csproj", "{4AE0D975-A182-47AC-BF79-FEA67AF38CA3}"
EndProject
Global
	GlobalSection(SolutionConfigurationPlatforms) = preSolution
		Debug|Any CPU = Debug|Any CPU
		Debug|ARM = Debug|ARM
		Debug|ARM64 = Debug|ARM64
		Debug|x64 = Debug|x64
		Debug|x86 = Debug|x86
		Release|Any CPU = Release|Any CPU
		Release|ARM = Release|ARM
		Release|ARM64 = Release|ARM64
		Release|x64 = Release|x64
		Release|x86 = Release|x86
	EndGlobalSection
	GlobalSection(ProjectConfigurationPlatforms) = postSolution
		{2EE1A6A8-94F1-4205-9B55-017DCBECC5C0}.Debug|Any CPU.ActiveCfg = Debug|Any CPU
		{2EE1A6A8-94F1-4205-9B55-017DCBECC5C0}.Debug|Any CPU.Build.0 = Debug|Any CPU
		{2EE1A6A8-94F1-4205-9B55-017DCBECC5C0}.Debug|ARM.ActiveCfg = Debug|Any CPU
		{2EE1A6A8-94F1-4205-9B55-017DCBECC5C0}.Debug|ARM.Build.0 = Debug|Any CPU
		{2EE1A6A8-94F1-4205-9B55-017DCBECC5C0}.Debug|ARM64.ActiveCfg = Debug|Any CPU
		{2EE1A6A8-94F1-4205-9B55-017DCBECC5C0}.Debug|ARM64.Build.0 = Debug|Any CPU
		{2EE1A6A8-94F1-4205-9B55-017DCBECC5C0}.Debug|x64.ActiveCfg = Debug|Any CPU
		{2EE1A6A8-94F1-4205-9B55-017DCBECC5C0}.Debug|x64.Build.0 = Debug|Any CPU
		{2EE1A6A8-94F1-4205-9B55-017DCBECC5C0}.Debug|x86.ActiveCfg = Debug|Any CPU
		{2EE1A6A8-94F1-4205-9B55-017DCBECC5C0}.Debug|x86.Build.0 = Debug|Any CPU
		{2EE1A6A8-94F1-4205-9B55-017DCBECC5C0}.Release|Any CPU.ActiveCfg = Release|Any CPU
		{2EE1A6A8-94F1-4205-9B55-017DCBECC5C0}.Release|Any CPU.Build.0 = Release|Any CPU
		{2EE1A6A8-94F1-4205-9B55-017DCBECC5C0}.Release|ARM.ActiveCfg = Release|Any CPU
		{2EE1A6A8-94F1-4205-9B55-017DCBECC5C0}.Release|ARM.Build.0 = Release|Any CPU
		{2EE1A6A8-94F1-4205-9B55-017DCBECC5C0}.Release|ARM64.ActiveCfg = Release|Any CPU
		{2EE1A6A8-94F1-4205-9B55-017DCBECC5C0}.Release|ARM64.Build.0 = Release|Any CPU
		{2EE1A6A8-94F1-4205-9B55-017DCBECC5C0}.Release|x64.ActiveCfg = Release|Any CPU
		{2EE1A6A8-94F1-4205-9B55-017DCBECC5C0}.Release|x64.Build.0 = Release|Any CPU
		{2EE1A6A8-94F1-4205-9B55-017DCBECC5C0}.Release|x86.ActiveCfg = Release|Any CPU
		{2EE1A6A8-94F1-4205-9B55-017DCBECC5C0}.Release|x86.Build.0 = Release|Any CPU
		{FD90E00C-3FE4-4EEE-815C-82D6721CAE7C}.Debug|Any CPU.ActiveCfg = Debug|Any CPU
		{FD90E00C-3FE4-4EEE-815C-82D6721CAE7C}.Debug|Any CPU.Build.0 = Debug|Any CPU
		{FD90E00C-3FE4-4EEE-815C-82D6721CAE7C}.Debug|ARM.ActiveCfg = Debug|Any CPU
		{FD90E00C-3FE4-4EEE-815C-82D6721CAE7C}.Debug|ARM.Build.0 = Debug|Any CPU
		{FD90E00C-3FE4-4EEE-815C-82D6721CAE7C}.Debug|ARM64.ActiveCfg = Debug|Any CPU
		{FD90E00C-3FE4-4EEE-815C-82D6721CAE7C}.Debug|ARM64.Build.0 = Debug|Any CPU
		{FD90E00C-3FE4-4EEE-815C-82D6721CAE7C}.Debug|x64.ActiveCfg = Debug|Any CPU
		{FD90E00C-3FE4-4EEE-815C-82D6721CAE7C}.Debug|x64.Build.0 = Debug|Any CPU
		{FD90E00C-3FE4-4EEE-815C-82D6721CAE7C}.Debug|x86.ActiveCfg = Debug|Any CPU
		{FD90E00C-3FE4-4EEE-815C-82D6721CAE7C}.Debug|x86.Build.0 = Debug|Any CPU
		{FD90E00C-3FE4-4EEE-815C-82D6721CAE7C}.Release|Any CPU.ActiveCfg = Release|Any CPU
		{FD90E00C-3FE4-4EEE-815C-82D6721CAE7C}.Release|Any CPU.Build.0 = Release|Any CPU
		{FD90E00C-3FE4-4EEE-815C-82D6721CAE7C}.Release|ARM.ActiveCfg = Release|Any CPU
		{FD90E00C-3FE4-4EEE-815C-82D6721CAE7C}.Release|ARM.Build.0 = Release|Any CPU
		{FD90E00C-3FE4-4EEE-815C-82D6721CAE7C}.Release|ARM64.ActiveCfg = Release|Any CPU
		{FD90E00C-3FE4-4EEE-815C-82D6721CAE7C}.Release|ARM64.Build.0 = Release|Any CPU
		{FD90E00C-3FE4-4EEE-815C-82D6721CAE7C}.Release|x64.ActiveCfg = Release|Any CPU
		{FD90E00C-3FE4-4EEE-815C-82D6721CAE7C}.Release|x64.Build.0 = Release|Any CPU
		{FD90E00C-3FE4-4EEE-815C-82D6721CAE7C}.Release|x86.ActiveCfg = Release|Any CPU
		{FD90E00C-3FE4-4EEE-815C-82D6721CAE7C}.Release|x86.Build.0 = Release|Any CPU
		{9CB9111B-45DF-4690-97DD-D0AED8F14F7C}.Debug|Any CPU.ActiveCfg = Debug|Any CPU
		{9CB9111B-45DF-4690-97DD-D0AED8F14F7C}.Debug|Any CPU.Build.0 = Debug|Any CPU
		{9CB9111B-45DF-4690-97DD-D0AED8F14F7C}.Debug|ARM.ActiveCfg = Debug|Any CPU
		{9CB9111B-45DF-4690-97DD-D0AED8F14F7C}.Debug|ARM.Build.0 = Debug|Any CPU
		{9CB9111B-45DF-4690-97DD-D0AED8F14F7C}.Debug|ARM64.ActiveCfg = Debug|Any CPU
		{9CB9111B-45DF-4690-97DD-D0AED8F14F7C}.Debug|ARM64.Build.0 = Debug|Any CPU
		{9CB9111B-45DF-4690-97DD-D0AED8F14F7C}.Debug|x64.ActiveCfg = Debug|Any CPU
		{9CB9111B-45DF-4690-97DD-D0AED8F14F7C}.Debug|x64.Build.0 = Debug|Any CPU
		{9CB9111B-45DF-4690-97DD-D0AED8F14F7C}.Debug|x86.ActiveCfg = Debug|Any CPU
		{9CB9111B-45DF-4690-97DD-D0AED8F14F7C}.Debug|x86.Build.0 = Debug|Any CPU
		{9CB9111B-45DF-4690-97DD-D0AED8F14F7C}.Release|Any CPU.ActiveCfg = Release|Any CPU
		{9CB9111B-45DF-4690-97DD-D0AED8F14F7C}.Release|Any CPU.Build.0 = Release|Any CPU
		{9CB9111B-45DF-4690-97DD-D0AED8F14F7C}.Release|ARM.ActiveCfg = Release|Any CPU
		{9CB9111B-45DF-4690-97DD-D0AED8F14F7C}.Release|ARM.Build.0 = Release|Any CPU
		{9CB9111B-45DF-4690-97DD-D0AED8F14F7C}.Release|ARM64.ActiveCfg = Release|Any CPU
		{9CB9111B-45DF-4690-97DD-D0AED8F14F7C}.Release|ARM64.Build.0 = Release|Any CPU
		{9CB9111B-45DF-4690-97DD-D0AED8F14F7C}.Release|x64.ActiveCfg = Release|Any CPU
		{9CB9111B-45DF-4690-97DD-D0AED8F14F7C}.Release|x64.Build.0 = Release|Any CPU
		{9CB9111B-45DF-4690-97DD-D0AED8F14F7C}.Release|x86.ActiveCfg = Release|Any CPU
		{9CB9111B-45DF-4690-97DD-D0AED8F14F7C}.Release|x86.Build.0 = Release|Any CPU
		{647235E0-0BA9-4945-9776-A42B68E4CF6B}.Debug|Any CPU.ActiveCfg = Debug|Any CPU
		{647235E0-0BA9-4945-9776-A42B68E4CF6B}.Debug|Any CPU.Build.0 = Debug|Any CPU
		{647235E0-0BA9-4945-9776-A42B68E4CF6B}.Debug|ARM.ActiveCfg = Debug|Any CPU
		{647235E0-0BA9-4945-9776-A42B68E4CF6B}.Debug|ARM.Build.0 = Debug|Any CPU
		{647235E0-0BA9-4945-9776-A42B68E4CF6B}.Debug|ARM64.ActiveCfg = Debug|Any CPU
		{647235E0-0BA9-4945-9776-A42B68E4CF6B}.Debug|ARM64.Build.0 = Debug|Any CPU
		{647235E0-0BA9-4945-9776-A42B68E4CF6B}.Debug|x64.ActiveCfg = Debug|Any CPU
		{647235E0-0BA9-4945-9776-A42B68E4CF6B}.Debug|x64.Build.0 = Debug|Any CPU
		{647235E0-0BA9-4945-9776-A42B68E4CF6B}.Debug|x86.ActiveCfg = Debug|Any CPU
		{647235E0-0BA9-4945-9776-A42B68E4CF6B}.Debug|x86.Build.0 = Debug|Any CPU
		{647235E0-0BA9-4945-9776-A42B68E4CF6B}.Release|Any CPU.ActiveCfg = Release|Any CPU
		{647235E0-0BA9-4945-9776-A42B68E4CF6B}.Release|Any CPU.Build.0 = Release|Any CPU
		{647235E0-0BA9-4945-9776-A42B68E4CF6B}.Release|ARM.ActiveCfg = Release|Any CPU
		{647235E0-0BA9-4945-9776-A42B68E4CF6B}.Release|ARM.Build.0 = Release|Any CPU
		{647235E0-0BA9-4945-9776-A42B68E4CF6B}.Release|ARM64.ActiveCfg = Release|Any CPU
		{647235E0-0BA9-4945-9776-A42B68E4CF6B}.Release|ARM64.Build.0 = Release|Any CPU
		{647235E0-0BA9-4945-9776-A42B68E4CF6B}.Release|x64.ActiveCfg = Release|Any CPU
		{647235E0-0BA9-4945-9776-A42B68E4CF6B}.Release|x64.Build.0 = Release|Any CPU
		{647235E0-0BA9-4945-9776-A42B68E4CF6B}.Release|x86.ActiveCfg = Release|Any CPU
		{647235E0-0BA9-4945-9776-A42B68E4CF6B}.Release|x86.Build.0 = Release|Any CPU
		{4AE0D975-A182-47AC-BF79-FEA67AF38CA3}.Debug|Any CPU.ActiveCfg = Debug|x86
		{4AE0D975-A182-47AC-BF79-FEA67AF38CA3}.Debug|ARM.ActiveCfg = Debug|ARM
		{4AE0D975-A182-47AC-BF79-FEA67AF38CA3}.Debug|ARM.Build.0 = Debug|ARM
		{4AE0D975-A182-47AC-BF79-FEA67AF38CA3}.Debug|ARM.Deploy.0 = Debug|ARM
		{4AE0D975-A182-47AC-BF79-FEA67AF38CA3}.Debug|ARM64.ActiveCfg = Debug|ARM64
		{4AE0D975-A182-47AC-BF79-FEA67AF38CA3}.Debug|ARM64.Build.0 = Debug|ARM64
		{4AE0D975-A182-47AC-BF79-FEA67AF38CA3}.Debug|ARM64.Deploy.0 = Debug|ARM64
		{4AE0D975-A182-47AC-BF79-FEA67AF38CA3}.Debug|x64.ActiveCfg = Debug|x64
		{4AE0D975-A182-47AC-BF79-FEA67AF38CA3}.Debug|x64.Build.0 = Debug|x64
		{4AE0D975-A182-47AC-BF79-FEA67AF38CA3}.Debug|x64.Deploy.0 = Debug|x64
		{4AE0D975-A182-47AC-BF79-FEA67AF38CA3}.Debug|x86.ActiveCfg = Debug|x86
		{4AE0D975-A182-47AC-BF79-FEA67AF38CA3}.Debug|x86.Build.0 = Debug|x86
		{4AE0D975-A182-47AC-BF79-FEA67AF38CA3}.Debug|x86.Deploy.0 = Debug|x86
		{4AE0D975-A182-47AC-BF79-FEA67AF38CA3}.Release|Any CPU.ActiveCfg = Release|x86
		{4AE0D975-A182-47AC-BF79-FEA67AF38CA3}.Release|ARM.ActiveCfg = Release|ARM
		{4AE0D975-A182-47AC-BF79-FEA67AF38CA3}.Release|ARM.Build.0 = Release|ARM
		{4AE0D975-A182-47AC-BF79-FEA67AF38CA3}.Release|ARM.Deploy.0 = Release|ARM
		{4AE0D975-A182-47AC-BF79-FEA67AF38CA3}.Release|ARM64.ActiveCfg = Release|ARM64
		{4AE0D975-A182-47AC-BF79-FEA67AF38CA3}.Release|ARM64.Build.0 = Release|ARM64
		{4AE0D975-A182-47AC-BF79-FEA67AF38CA3}.Release|ARM64.Deploy.0 = Release|ARM64
		{4AE0D975-A182-47AC-BF79-FEA67AF38CA3}.Release|x64.ActiveCfg = Release|x64
		{4AE0D975-A182-47AC-BF79-FEA67AF38CA3}.Release|x64.Build.0 = Release|x64
		{4AE0D975-A182-47AC-BF79-FEA67AF38CA3}.Release|x64.Deploy.0 = Release|x64
		{4AE0D975-A182-47AC-BF79-FEA67AF38CA3}.Release|x86.ActiveCfg = Release|x86
		{4AE0D975-A182-47AC-BF79-FEA67AF38CA3}.Release|x86.Build.0 = Release|x86
		{4AE0D975-A182-47AC-BF79-FEA67AF38CA3}.Release|x86.Deploy.0 = Release|x86
	EndGlobalSection
	GlobalSection(SolutionProperties) = preSolution
		HideSolutionNode = FALSE
	EndGlobalSection
	GlobalSection(ExtensibilityGlobals) = postSolution
		SolutionGuid = {EE1D0821-AD5A-4C50-B9E7-7DB39CA0741F}
	EndGlobalSection
EndGlobal
